<?xml version="1.0" encoding="utf-8"?>
<Project ToolsVersion="4.0" xmlns="http://schemas.microsoft.com/developer/msbuild/2003">
  <ItemGroup>
    <Filter Include="Source Files">
      <UniqueIdentifier>{4FC737F1-C7A5-4376-A066-2A32D752A2FF}</UniqueIdentifier>
      <Extensions>cpp;c;cc;cxx;def;odl;idl;hpj;bat;asm;asmx</Extensions>
    </Filter>
    <Filter Include="Header Files">
      <UniqueIdentifier>{93995380-89BD-4b04-88EB-625FBE52EBFB}</UniqueIdentifier>
      <Extensions>h;hh;hpp;hxx;hm;inl;inc;xsd</Extensions>
    </Filter>
    <Filter Include="Resource Files">
      <UniqueIdentifier>{67DA6AB6-F800-4c08-8B7A-83BB121AAD01}</UniqueIdentifier>
      <Extensions>rc;ico;cur;bmp;dlg;rc2;rct;bin;rgs;gif;jpg;jpeg;jpe;resx;tiff;tif;png;wav;mfcribbon-ms</Extensions>
    </Filter>
    <Filter Include="Source Files\tb">
      <UniqueIdentifier>{99ccb5d1-3a6a-48cf-b539-6aab7e053740}</UniqueIdentifier>
    </Filter>
    <Filter Include="Source Files\ext">
      <UniqueIdentifier>{a77f6bd3-1d98-4d9b-85e1-9af178c570c6}</UniqueIdentifier>
    </Filter>
    <Filter Include="Header Files\ext">
      <UniqueIdentifier>{add73f58-8d60-4cf9-8f74-497fe4a7739e}</UniqueIdentifier>
    </Filter>
    <Filter Include="Header Files\tb">
      <UniqueIdentifier>{14ee92fa-0a32-405b-a45e-05aee3883a64}</UniqueIdentifier>
    </Filter>
    <Filter Include="Source Files\tb\output">
      <UniqueIdentifier>{622ccedb-00f7-45da-8f53-0ba5e26c0f7a}</UniqueIdentifier>
    </Filter>
    <Filter Include="Header Files\tb\output">
      <UniqueIdentifier>{30b0c7b0-3c31-4414-8026-ee3dc0f1ef74}</UniqueIdentifier>
    </Filter>
    <Filter Include="Source Files\tb\fft">
      <UniqueIdentifier>{7648811d-02d4-4efc-81c8-1b704ca077fa}</UniqueIdentifier>
    </Filter>
    <Filter Include="Header Files\tb\fft">
      <UniqueIdentifier>{054eb1ce-703d-42ff-9381-b3c89eda565d}</UniqueIdentifier>
    </Filter>
  </ItemGroup>
  <ItemGroup>
    <ClCompile Include="tb_fft_helper.cpp">
      <Filter>Source Files\tb</Filter>
    </ClCompile>
    <ClCompile Include="tb_math.cpp">
      <Filter>Source Files\tb</Filter>
    </ClCompile>
    <ClCompile Include="kiss_fft.c">
      <Filter>Source Files\ext</Filter>
    </ClCompile>
    <ClCompile Include="wiki_fft.cpp">
      <Filter>Source Files\ext</Filter>
    </ClCompile>
    <ClCompile Include="imglib.cpp">
      <Filter>Source Files\ext</Filter>
    </ClCompile>
    <ClCompile Include="cgp_fft.cpp">
      <Filter>Source Files\ext</Filter>
    </ClCompile>
    <ClCompile Include="tb_filter.cpp">
      <Filter>Source Files\tb\output</Filter>
    </ClCompile>
    <ClCompile Include="tb_image.cpp">
      <Filter>Source Files\tb\output</Filter>
    </ClCompile>
    <ClCompile Include="tb_print.cpp">
      <Filter>Source Files\tb\output</Filter>
    </ClCompile>
    <ClCompile Include="fft_const_geom.cpp">
      <Filter>Source Files\tb\fft</Filter>
    </ClCompile>
    <ClCompile Include="fft_tobb.cpp">
      <Filter>Source Files\tb\fft</Filter>
    </ClCompile>
    <ClCompile Include="fft_reg.cpp">
      <Filter>Source Files\tb\fft</Filter>
    </ClCompile>
    <ClCompile Include="fft_fixed.cpp">
      <Filter>Source Files\tb\fft</Filter>
    </ClCompile>
    <ClCompile Include="genCode.cpp">
      <Filter>Source Files</Filter>
    </ClCompile>
    <ClCompile Include="tb_test.cpp">
      <Filter>Source Files\tb</Filter>
    </ClCompile>
    <ClCompile Include="fft_radix4.cpp">
      <Filter>Source Files\tb\fft</Filter>
    </ClCompile>
    <ClCompile Include="main.cpp" />
  </ItemGroup>
  <ItemGroup>
    <ClInclude Include="_kiss_fft_guts.h">
      <Filter>Header Files\ext</Filter>
    </ClInclude>
    <ClInclude Include="kiss_fft.h">
      <Filter>Header Files\ext</Filter>
    </ClInclude>
    <ClInclude Include="kissfft.hh">
      <Filter>Header Files\ext</Filter>
    </ClInclude>
    <ClInclude Include="wiki_fft.h">
      <Filter>Header Files\ext</Filter>
    </ClInclude>
    <ClInclude Include="tb_definitions.h">
      <Filter>Header Files\tb</Filter>
    </ClInclude>
    <ClInclude Include="tb_fft_helper.h">
      <Filter>Header Files\tb</Filter>
    </ClInclude>
    <ClInclude Include="tb_math.h">
      <Filter>Header Files\tb</Filter>
    </ClInclude>
    <ClInclude Include="imglib.h">
      <Filter>Header Files\ext</Filter>
    </ClInclude>
    <ClInclude Include="cgp_fft.h">
      <Filter>Header Files\ext</Filter>
    </ClInclude>
    <ClInclude Include="tb_filter.h">
      <Filter>Header Files\tb\output</Filter>
    </ClInclude>
    <ClInclude Include="tb_image.h">
      <Filter>Header Files\tb\output</Filter>
    </ClInclude>
    <ClInclude Include="tb_print.h">
      <Filter>Header Files\tb\output</Filter>
    </ClInclude>
    <ClInclude Include="fft_const_geom.h">
      <Filter>Header Files\tb\fft</Filter>
    </ClInclude>
    <ClInclude Include="fft_tobb.h">
      <Filter>Header Files\tb\fft</Filter>
    </ClInclude>
    <ClInclude Include="fft_reg.h">
      <Filter>Header Files\tb\fft</Filter>
    </ClInclude>
    <ClInclude Include="fft_fixed.h">
      <Filter>Header Files\tb\fft</Filter>
    </ClInclude>
    <ClInclude Include="genCode.h">
      <Filter>Header Files</Filter>
    </ClInclude>
    <ClInclude Include="tb_test.h">
      <Filter>Header Files\tb</Filter>
    </ClInclude>
    <ClInclude Include="fft_generated_fixed.h">
      <Filter>Header Files\tb\fft</Filter>
    </ClInclude>
    <ClInclude Include="fft_generated_fixed_const.h">
      <Filter>Header Files\tb\fft</Filter>
    </ClInclude>
    <ClInclude Include="fft_radix4.h">
      <Filter>Header Files\tb\fft</Filter>
    </ClInclude>
    <ClInclude Include="mytimer.h">
      <Filter>Header Files</Filter>
    </ClInclude>
  </ItemGroup>
</Project>