
Microsoft Visual Studio Solution File, Format Version 12.00
# Visual Studio 2013
VisualStudioVersion = 12.0.40629.0
MinimumVisualStudioVersion = 10.0.40219.1
Project("{8BC9CEB8-8B4A-11D0-8D11-00A0C91BC942}") = "benchmarkfft", "benchmarkfft\benchmarkfft.vcxproj", "{1D9A8B51-4CA4-4C18-B72F-B37701A9A16E}"
EndProject
Global
	GlobalSection(SolutionConfigurationPlatforms) = preSolution
		AMD|Mixed Platforms = AMD|Mixed Platforms
		AMD|Win32 = AMD|Win32
		AMD|x64 = AMD|x64
		Debug|Mixed Platforms = Debug|Mixed Platforms
		Debug|Win32 = Debug|Win32
		Debug|x64 = Debug|x64
		NVIDIA|Mixed Platforms = NVIDIA|Mixed Platforms
		NVIDIA|Win32 = NVIDIA|Win32
		NVIDIA|x64 = NVIDIA|x64
		Release|Mixed Platforms = Release|Mixed Platforms
		Release|Win32 = Release|Win32
		Release|x64 = Release|x64
	EndGlobalSection
	GlobalSection(ProjectConfigurationPlatforms) = postSolution
		{1D9A8B51-4CA4-4C18-B72F-B37701A9A16E}.AMD|Mixed Platforms.ActiveCfg = AMD|Win32
		{1D9A8B51-4CA4-4C18-B72F-B37701A9A16E}.AMD|Mixed Platforms.Build.0 = AMD|Win32
		{1D9A8B51-4CA4-4C18-B72F-B37701A9A16E}.AMD|Win32.ActiveCfg = AMD|Win32
		{1D9A8B51-4CA4-4C18-B72F-B37701A9A16E}.AMD|Win32.Build.0 = AMD|Win32
		{1D9A8B51-4CA4-4C18-B72F-B37701A9A16E}.AMD|x64.ActiveCfg = AMD|x64
		{1D9A8B51-4CA4-4C18-B72F-B37701A9A16E}.AMD|x64.Build.0 = AMD|x64
		{1D9A8B51-4CA4-4C18-B72F-B37701A9A16E}.Debug|Mixed Platforms.ActiveCfg = Debug|Win32
		{1D9A8B51-4CA4-4C18-B72F-B37701A9A16E}.Debug|Mixed Platforms.Build.0 = Debug|Win32
		{1D9A8B51-4CA4-4C18-B72F-B37701A9A16E}.Debug|Win32.ActiveCfg = Debug|Win32
		{1D9A8B51-4CA4-4C18-B72F-B37701A9A16E}.Debug|Win32.Build.0 = Debug|Win32
		{1D9A8B51-4CA4-4C18-B72F-B37701A9A16E}.Debug|x64.ActiveCfg = Debug|x64
		{1D9A8B51-4CA4-4C18-B72F-B37701A9A16E}.Debug|x64.Build.0 = Debug|x64
		{1D9A8B51-4CA4-4C18-B72F-B37701A9A16E}.NVIDIA|Mixed Platforms.ActiveCfg = NVIDIA|Win32
		{1D9A8B51-4CA4-4C18-B72F-B37701A9A16E}.NVIDIA|Mixed Platforms.Build.0 = NVIDIA|Win32
		{1D9A8B51-4CA4-4C18-B72F-B37701A9A16E}.NVIDIA|Win32.ActiveCfg = NVIDIA|Win32
		{1D9A8B51-4CA4-4C18-B72F-B37701A9A16E}.NVIDIA|Win32.Build.0 = NVIDIA|Win32
		{1D9A8B51-4CA4-4C18-B72F-B37701A9A16E}.NVIDIA|x64.ActiveCfg = NVIDIA|x64
		{1D9A8B51-4CA4-4C18-B72F-B37701A9A16E}.NVIDIA|x64.Build.0 = NVIDIA|x64
		{1D9A8B51-4CA4-4C18-B72F-B37701A9A16E}.Release|Mixed Platforms.ActiveCfg = Release|Win32
		{1D9A8B51-4CA4-4C18-B72F-B37701A9A16E}.Release|Mixed Platforms.Build.0 = Release|Win32
		{1D9A8B51-4CA4-4C18-B72F-B37701A9A16E}.Release|Win32.ActiveCfg = Release|Win32
		{1D9A8B51-4CA4-4C18-B72F-B37701A9A16E}.Release|Win32.Build.0 = Release|Win32
		{1D9A8B51-4CA4-4C18-B72F-B37701A9A16E}.Release|x64.ActiveCfg = Release|x64
		{1D9A8B51-4CA4-4C18-B72F-B37701A9A16E}.Release|x64.Build.0 = Release|x64
	EndGlobalSection
	GlobalSection(SolutionProperties) = preSolution
		HideSolutionNode = FALSE
	EndGlobalSection
EndGlobal
