<?xml version="1.0" encoding="utf-8"?>
<Project ToolsVersion="4.0" xmlns="http://schemas.microsoft.com/developer/msbuild/2003">
  <ItemGroup>
    <CudaCompile Include="kernel.cu" />
    <CudaCompile Include="Platforms\CUDA\cuda_fft.cu">
      <Filter>Platforms\CUDA</Filter>
    </CudaCompile>
    <CudaCompile Include="Platforms\CUDA\cuda_helper.cu">
      <Filter>Platforms\CUDA</Filter>
    </CudaCompile>
    <CudaCompile Include="Platforms\CUDA\cuda_fft_surface.cu">
      <Filter>Platforms\CUDA</Filter>
    </CudaCompile>
  </ItemGroup>
  <ItemGroup>
    <ClInclude Include="Definitions.h" />
    <ClInclude Include="Common\imglib.h">
      <Filter>Common</Filter>
    </ClInclude>
    <ClInclude Include="Common\parsearg.h">
      <Filter>Common</Filter>
    </ClInclude>
    <ClInclude Include="Common\mymath.h">
      <Filter>Common</Filter>
    </ClInclude>
    <ClInclude Include="Common\mytimer.h">
      <Filter>Common</Filter>
    </ClInclude>
    <ClInclude Include="Common\mycomplex.h">
      <Filter>Common</Filter>
    </ClInclude>
    <ClInclude Include="Platforms\OpenMP\omp_fast_index.h">
      <Filter>Platforms\OpenMP</Filter>
    </ClInclude>
    <ClInclude Include="Platforms\OpenMP\omp_constant_geometry.h">
      <Filter>Platforms\OpenMP</Filter>
    </ClInclude>
    <ClInclude Include="Platforms\OpenCL\ocl_helper.h">
      <Filter>Platforms\OpenCL</Filter>
    </ClInclude>
    <ClInclude Include="Platforms\CUDA\cuda_helper.cuh">
      <Filter>Platforms\CUDA</Filter>
    </ClInclude>
    <ClInclude Include="Platforms\CUDA\cuda_fft.cuh">
      <Filter>Platforms\CUDA</Filter>
    </ClInclude>
    <ClInclude Include="Platforms\C\c_fft.h">
      <Filter>Platforms\C</Filter>
    </ClInclude>
    <ClInclude Include="Platforms\C\c_helper.h">
      <Filter>Platforms\C</Filter>
    </ClInclude>
    <ClInclude Include="Platforms\MyC.h">
      <Filter>Platforms\Header Files</Filter>
    </ClInclude>
    <ClInclude Include="Platforms\MyCUDA.h">
      <Filter>Platforms\Header Files</Filter>
    </ClInclude>
    <ClInclude Include="Platforms\MyCuFFT.h">
      <Filter>Platforms\Header Files</Filter>
    </ClInclude>
    <ClInclude Include="Platforms\MyFFTW.h">
      <Filter>Platforms\Header Files</Filter>
    </ClInclude>
    <ClInclude Include="Platforms\MyOpenCL.h">
      <Filter>Platforms\Header Files</Filter>
    </ClInclude>
    <ClInclude Include="Platforms\MyOpenMP.h">
      <Filter>Platforms\Header Files</Filter>
    </ClInclude>
    <ClInclude Include="Platforms\Platform.h">
      <Filter>Platforms\Header Files</Filter>
    </ClInclude>
    <ClInclude Include="Common\myfile.h">
      <Filter>Common</Filter>
    </ClInclude>
    <ClInclude Include="Platforms\OpenCL\ocl_fft.h">
      <Filter>Platforms\OpenCL</Filter>
    </ClInclude>
    <ClInclude Include="Platforms\CUDA\cuda_fft_surface.cuh">
      <Filter>Platforms\CUDA</Filter>
    </ClInclude>
    <ClInclude Include="Platforms\MyDirectX.h">
      <Filter>Platforms</Filter>
    </ClInclude>
    <ClInclude Include="Platforms\DirectX\dx_fft.h">
      <Filter>Platforms\DirectX</Filter>
    </ClInclude>
    <ClInclude Include="Platforms\DirectX\dx_helper.h">
      <Filter>Platforms\DirectX</Filter>
    </ClInclude>
    <ClInclude Include="Platforms\MyID3DX11FFT.h">
      <Filter>Platforms</Filter>
    </ClInclude>
  </ItemGroup>
  <ItemGroup>
    <Filter Include="Common">
      <UniqueIdentifier>{c8d5b27f-8c3d-43d7-b5a2-f8376853c2a5}</UniqueIdentifier>
    </Filter>
    <Filter Include="Platforms">
      <UniqueIdentifier>{bff72685-e7c6-4980-9246-278ac8f7820b}</UniqueIdentifier>
    </Filter>
    <Filter Include="Platforms\CUDA">
      <UniqueIdentifier>{0e8eea15-c8fa-4312-9c78-548d1a40bbb7}</UniqueIdentifier>
    </Filter>
    <Filter Include="Platforms\OpenCL">
      <UniqueIdentifier>{a92d3a1e-93ba-426b-a1fc-49464de4feb1}</UniqueIdentifier>
    </Filter>
    <Filter Include="Platforms\C">
      <UniqueIdentifier>{634529ad-9602-4b01-85f9-0e39f0837d5d}</UniqueIdentifier>
    </Filter>
    <Filter Include="Platforms\OpenMP">
      <UniqueIdentifier>{9311ef5d-2659-4dbe-a0cb-ca4815ac47d0}</UniqueIdentifier>
    </Filter>
    <Filter Include="Platforms\Header Files">
      <UniqueIdentifier>{776370d0-2cf5-4d6f-97b8-f90c2494b96f}</UniqueIdentifier>
    </Filter>
    <Filter Include="Platforms\DirectX">
      <UniqueIdentifier>{6e320322-c21c-4559-a991-fc9566aaf759}</UniqueIdentifier>
    </Filter>
  </ItemGroup>
  <ItemGroup>
    <ClCompile Include="Common\imglib.cpp">
      <Filter>Common</Filter>
    </ClCompile>
    <ClCompile Include="Common\parsearg.cpp">
      <Filter>Common</Filter>
    </ClCompile>
    <ClCompile Include="Platforms\MyCUDA.cpp">
      <Filter>Platforms</Filter>
    </ClCompile>
    <ClCompile Include="Platforms\MyOpenCL.cpp">
      <Filter>Platforms</Filter>
    </ClCompile>
    <ClCompile Include="Platforms\MyCuFFT.cpp">
      <Filter>Platforms</Filter>
    </ClCompile>
    <ClCompile Include="Platforms\MyOpenMP.cpp">
      <Filter>Platforms</Filter>
    </ClCompile>
    <ClCompile Include="Platforms\MyC.cpp">
      <Filter>Platforms</Filter>
    </ClCompile>
    <ClCompile Include="Platforms\OpenMP\omp_constant_geometry.cpp">
      <Filter>Platforms\OpenMP</Filter>
    </ClCompile>
    <ClCompile Include="Platforms\OpenMP\omp_fast_index.cpp">
      <Filter>Platforms\OpenMP</Filter>
    </ClCompile>
    <ClCompile Include="Platforms\OpenCL\ocl_helper.cpp">
      <Filter>Platforms\OpenCL</Filter>
    </ClCompile>
    <ClCompile Include="Platforms\C\c_fft.cpp">
      <Filter>Platforms\C</Filter>
    </ClCompile>
    <ClCompile Include="Platforms\MyFFTW.cpp">
      <Filter>Platforms</Filter>
    </ClCompile>
    <ClCompile Include="Common\mycomplex.cpp">
      <Filter>Common</Filter>
    </ClCompile>
    <ClCompile Include="Platforms\OpenCL\ocl_fft.cpp">
      <Filter>Platforms\OpenCL</Filter>
    </ClCompile>
    <ClCompile Include="Platforms\OpenCL\ocl_kernel.cl">
      <Filter>Platforms\OpenCL</Filter>
    </ClCompile>
    <ClCompile Include="Platforms\MyDirectX.cpp">
      <Filter>Platforms</Filter>
    </ClCompile>
    <ClCompile Include="Platforms\DirectX\dx_fft.cpp">
      <Filter>Platforms\DirectX</Filter>
    </ClCompile>
    <ClCompile Include="Platforms\MyID3DX11FFT.cpp">
      <Filter>Platforms</Filter>
    </ClCompile>
  </ItemGroup>
  <ItemGroup>
    <FxCompile Include="Platforms\DirectX\dx_compute_shader.hlsl">
      <Filter>Platforms\DirectX</Filter>
    </FxCompile>
  </ItemGroup>
</Project>